
Microsoft Visual Studio Solution File, Format Version 12.00
# Visual Studio Version 17
VisualStudioVersion = 17.13.35919.96 d17.13
MinimumVisualStudioVersion = 10.0.40219.1
Project("{FAE04EC0-301F-11D3-BF4B-00C04F79EFBC}") = "PedidosApp", "PedidosApp\PedidosApp.csproj", "{B6C500DB-AFD0-49DB-A29F-B91B00F80B06}"
EndProject
Global
	GlobalSection(SolutionConfigurationPlatforms) = preSolution
		Debug|Any CPU = Debug|Any CPU
		Release|Any CPU = Release|Any CPU
	EndGlobalSection
	GlobalSection(ProjectConfigurationPlatforms) = postSolution
		{B6C500DB-AFD0-49DB-A29F-B91B00F80B06}.Debug|Any CPU.ActiveCfg = Debug|Any CPU
		{B6C500DB-AFD0-49DB-A29F-B91B00F80B06}.Debug|Any CPU.Build.0 = Debug|Any CPU
		{B6C500DB-AFD0-49DB-A29F-B91B00F80B06}.Release|Any CPU.ActiveCfg = Release|Any CPU
		{B6C500DB-AFD0-49DB-A29F-B91B00F80B06}.Release|Any CPU.Build.0 = Release|Any CPU
	EndGlobalSection
	GlobalSection(SolutionProperties) = preSolution
		HideSolutionNode = FALSE
	EndGlobalSection
	GlobalSection(ExtensibilityGlobals) = postSolution
		SolutionGuid = {7B3E91B6-A702-4C2E-8CB1-DC03871C97D8}
	EndGlobalSection
EndGlobal
